
Microsoft Visual Studio Solution File, Format Version 12.00
Project("{FAE04EC0-301F-11D3-BF4B-00C04F79EFBC}") = "Week04_01", "Week04_01\Week04_01.csproj", "{68003437-80CE-4C81-815F-BBC7A0054A20}"
EndProject
Project("{FAE04EC0-301F-11D3-BF4B-00C04F79EFBC}") = "Week04_02", "Week04_02\Week04_02.csproj", "{440B2E4F-B34F-46AC-9DD6-62167DDAC6BE}"
EndProject
Global
	GlobalSection(SolutionConfigurationPlatforms) = preSolution
		Debug|Any CPU = Debug|Any CPU
		Release|Any CPU = Release|Any CPU
	EndGlobalSection
	GlobalSection(ProjectConfigurationPlatforms) = postSolution
		{68003437-80CE-4C81-815F-BBC7A0054A20}.Debug|Any CPU.ActiveCfg = Debug|Any CPU
		{68003437-80CE-4C81-815F-BBC7A0054A20}.Debug|Any CPU.Build.0 = Debug|Any CPU
		{68003437-80CE-4C81-815F-BBC7A0054A20}.Release|Any CPU.ActiveCfg = Release|Any CPU
		{68003437-80CE-4C81-815F-BBC7A0054A20}.Release|Any CPU.Build.0 = Release|Any CPU
		{440B2E4F-B34F-46AC-9DD6-62167DDAC6BE}.Debug|Any CPU.ActiveCfg = Debug|Any CPU
		{440B2E4F-B34F-46AC-9DD6-62167DDAC6BE}.Debug|Any CPU.Build.0 = Debug|Any CPU
		{440B2E4F-B34F-46AC-9DD6-62167DDAC6BE}.Release|Any CPU.ActiveCfg = Release|Any CPU
		{440B2E4F-B34F-46AC-9DD6-62167DDAC6BE}.Release|Any CPU.Build.0 = Release|Any CPU
	EndGlobalSection
EndGlobal
