
Microsoft Visual Studio Solution File, Format Version 12.00
Project("{FAE04EC0-301F-11D3-BF4B-00C04F79EFBC}") = "Week04_01", "Week04_01\Week04_01.csproj", "{68003437-80CE-4C81-815F-BBC7A0054A20}"
EndProject
Project("{FAE04EC0-301F-11D3-BF4B-00C04F79EFBC}") = "Week04_02", "Week04_02\Week04_02.csproj", "{440B2E4F-B34F-46AC-9DD6-62167DDAC6BE}"
EndProject
Project("{FAE04EC0-301F-11D3-BF4B-00C04F79EFBC}") = "Week04_03", "Week04_03\Week04_03.csproj", "{B9A57AE7-2A8C-4C44-A40E-2C444348DAD9}"
EndProject
Project("{FAE04EC0-301F-11D3-BF4B-00C04F79EFBC}") = "Week04_04", "Week04_04\Week04_04.csproj", "{B1E3ED16-C4FC-47A4-87B3-426C8B9292EA}"
EndProject
Project("{FAE04EC0-301F-11D3-BF4B-00C04F79EFBC}") = "Week04_05", "Week04_05\Week04_05.csproj", "{CEB68760-91EC-4122-9052-F7C1DFEF58AA}"
EndProject
Project("{FAE04EC0-301F-11D3-BF4B-00C04F79EFBC}") = "Week04_06", "Week04_06\Week04_06.csproj", "{E1FE602C-7AD3-45FD-B293-5FF6E7619E5D}"
EndProject
Global
	GlobalSection(SolutionConfigurationPlatforms) = preSolution
		Debug|Any CPU = Debug|Any CPU
		Release|Any CPU = Release|Any CPU
	EndGlobalSection
	GlobalSection(ProjectConfigurationPlatforms) = postSolution
		{68003437-80CE-4C81-815F-BBC7A0054A20}.Debug|Any CPU.ActiveCfg = Debug|Any CPU
		{68003437-80CE-4C81-815F-BBC7A0054A20}.Debug|Any CPU.Build.0 = Debug|Any CPU
		{68003437-80CE-4C81-815F-BBC7A0054A20}.Release|Any CPU.ActiveCfg = Release|Any CPU
		{68003437-80CE-4C81-815F-BBC7A0054A20}.Release|Any CPU.Build.0 = Release|Any CPU
		{440B2E4F-B34F-46AC-9DD6-62167DDAC6BE}.Debug|Any CPU.ActiveCfg = Debug|Any CPU
		{440B2E4F-B34F-46AC-9DD6-62167DDAC6BE}.Debug|Any CPU.Build.0 = Debug|Any CPU
		{440B2E4F-B34F-46AC-9DD6-62167DDAC6BE}.Release|Any CPU.ActiveCfg = Release|Any CPU
		{440B2E4F-B34F-46AC-9DD6-62167DDAC6BE}.Release|Any CPU.Build.0 = Release|Any CPU
		{B9A57AE7-2A8C-4C44-A40E-2C444348DAD9}.Debug|Any CPU.ActiveCfg = Debug|Any CPU
		{B9A57AE7-2A8C-4C44-A40E-2C444348DAD9}.Debug|Any CPU.Build.0 = Debug|Any CPU
		{B9A57AE7-2A8C-4C44-A40E-2C444348DAD9}.Release|Any CPU.ActiveCfg = Release|Any CPU
		{B9A57AE7-2A8C-4C44-A40E-2C444348DAD9}.Release|Any CPU.Build.0 = Release|Any CPU
		{B1E3ED16-C4FC-47A4-87B3-426C8B9292EA}.Debug|Any CPU.ActiveCfg = Debug|Any CPU
		{B1E3ED16-C4FC-47A4-87B3-426C8B9292EA}.Debug|Any CPU.Build.0 = Debug|Any CPU
		{B1E3ED16-C4FC-47A4-87B3-426C8B9292EA}.Release|Any CPU.ActiveCfg = Release|Any CPU
		{B1E3ED16-C4FC-47A4-87B3-426C8B9292EA}.Release|Any CPU.Build.0 = Release|Any CPU
		{CEB68760-91EC-4122-9052-F7C1DFEF58AA}.Debug|Any CPU.ActiveCfg = Debug|Any CPU
		{CEB68760-91EC-4122-9052-F7C1DFEF58AA}.Debug|Any CPU.Build.0 = Debug|Any CPU
		{CEB68760-91EC-4122-9052-F7C1DFEF58AA}.Release|Any CPU.ActiveCfg = Release|Any CPU
		{CEB68760-91EC-4122-9052-F7C1DFEF58AA}.Release|Any CPU.Build.0 = Release|Any CPU
		{E1FE602C-7AD3-45FD-B293-5FF6E7619E5D}.Debug|Any CPU.ActiveCfg = Debug|Any CPU
		{E1FE602C-7AD3-45FD-B293-5FF6E7619E5D}.Debug|Any CPU.Build.0 = Debug|Any CPU
		{E1FE602C-7AD3-45FD-B293-5FF6E7619E5D}.Release|Any CPU.ActiveCfg = Release|Any CPU
		{E1FE602C-7AD3-45FD-B293-5FF6E7619E5D}.Release|Any CPU.Build.0 = Release|Any CPU
	EndGlobalSection
EndGlobal
